
Microsoft Visual Studio Solution File, Format Version 12.00
# Visual Studio Version 16
VisualStudioVersion = 16.0.30002.166
MinimumVisualStudioVersion = 10.0.40219.1
Project("{FAE04EC0-301F-11D3-BF4B-00C04F79EFBC}") = "ByteBank.SistemaAgencia", "ByteBank.SistemaAgencia\ByteBank.SistemaAgencia.csproj", "{5F58C949-65DC-4350-BBD5-2DA8C16FB1A3}"
EndProject
Project("{FAE04EC0-301F-11D3-BF4B-00C04F79EFBC}") = "ByteBank.Modelos", "ByteBank.Modelos\ByteBank.Modelos.csproj", "{A8BD2EE6-1ADC-44B1-8443-6B740C00EB2B}"
EndProject
Project("{FAE04EC0-301F-11D3-BF4B-00C04F79EFBC}") = "ModulosAnteriores", "ModulosAnteriores\ModulosAnteriores.csproj", "{4CB8FFA5-1A15-49CC-9D00-347F6EA35D5D}"
EndProject
Global
	GlobalSection(SolutionConfigurationPlatforms) = preSolution
		Debug|Any CPU = Debug|Any CPU
		Release|Any CPU = Release|Any CPU
	EndGlobalSection
	GlobalSection(ProjectConfigurationPlatforms) = postSolution
		{5F58C949-65DC-4350-BBD5-2DA8C16FB1A3}.Debug|Any CPU.ActiveCfg = Debug|Any CPU
		{5F58C949-65DC-4350-BBD5-2DA8C16FB1A3}.Debug|Any CPU.Build.0 = Debug|Any CPU
		{5F58C949-65DC-4350-BBD5-2DA8C16FB1A3}.Release|Any CPU.ActiveCfg = Release|Any CPU
		{5F58C949-65DC-4350-BBD5-2DA8C16FB1A3}.Release|Any CPU.Build.0 = Release|Any CPU
		{A8BD2EE6-1ADC-44B1-8443-6B740C00EB2B}.Debug|Any CPU.ActiveCfg = Debug|Any CPU
		{A8BD2EE6-1ADC-44B1-8443-6B740C00EB2B}.Debug|Any CPU.Build.0 = Debug|Any CPU
		{A8BD2EE6-1ADC-44B1-8443-6B740C00EB2B}.Release|Any CPU.ActiveCfg = Release|Any CPU
		{A8BD2EE6-1ADC-44B1-8443-6B740C00EB2B}.Release|Any CPU.Build.0 = Release|Any CPU
		{4CB8FFA5-1A15-49CC-9D00-347F6EA35D5D}.Debug|Any CPU.ActiveCfg = Debug|Any CPU
		{4CB8FFA5-1A15-49CC-9D00-347F6EA35D5D}.Debug|Any CPU.Build.0 = Debug|Any CPU
		{4CB8FFA5-1A15-49CC-9D00-347F6EA35D5D}.Release|Any CPU.ActiveCfg = Release|Any CPU
		{4CB8FFA5-1A15-49CC-9D00-347F6EA35D5D}.Release|Any CPU.Build.0 = Release|Any CPU
	EndGlobalSection
	GlobalSection(SolutionProperties) = preSolution
		HideSolutionNode = FALSE
	EndGlobalSection
	GlobalSection(ExtensibilityGlobals) = postSolution
		SolutionGuid = {05F84B15-8384-4C74-A923-8D306BF953BA}
	EndGlobalSection
EndGlobal
